
Microsoft Visual Studio Solution File, Format Version 12.00
Project("{FAE04EC0-301F-11D3-BF4B-00C04F79EFBC}") = "AvitoAPI", "AvitoAPI\AvitoAPI.csproj", "{DDE2D483-4D26-4A28-AB2E-E4F86AB2825C}"
EndProject
Project("{FAE04EC0-301F-11D3-BF4B-00C04F79EFBC}") = "AvitoAPI.Tests", "AvitoAPI.Tests\AvitoAPI.Tests.csproj", "{AC47E82A-6EB5-4424-8ADA-B87CF62D0CFE}"
EndProject
Global
	GlobalSection(SolutionConfigurationPlatforms) = preSolution
		Debug|Any CPU = Debug|Any CPU
		Release|Any CPU = Release|Any CPU
	EndGlobalSection
	GlobalSection(ProjectConfigurationPlatforms) = postSolution
		{DDE2D483-4D26-4A28-AB2E-E4F86AB2825C}.Debug|Any CPU.ActiveCfg = Debug|Any CPU
		{DDE2D483-4D26-4A28-AB2E-E4F86AB2825C}.Debug|Any CPU.Build.0 = Debug|Any CPU
		{DDE2D483-4D26-4A28-AB2E-E4F86AB2825C}.Release|Any CPU.ActiveCfg = Release|Any CPU
		{DDE2D483-4D26-4A28-AB2E-E4F86AB2825C}.Release|Any CPU.Build.0 = Release|Any CPU
		{AC47E82A-6EB5-4424-8ADA-B87CF62D0CFE}.Debug|Any CPU.ActiveCfg = Debug|Any CPU
		{AC47E82A-6EB5-4424-8ADA-B87CF62D0CFE}.Debug|Any CPU.Build.0 = Debug|Any CPU
		{AC47E82A-6EB5-4424-8ADA-B87CF62D0CFE}.Release|Any CPU.ActiveCfg = Release|Any CPU
		{AC47E82A-6EB5-4424-8ADA-B87CF62D0CFE}.Release|Any CPU.Build.0 = Release|Any CPU
	EndGlobalSection
EndGlobal
